// !$*UTF8*$!
{
	archiveVersion = 1;
	classes = {
	};
	objectVersion = 56;
	objects = {

/* Begin PBXBuildFile section */
		BB51FCA52B6BE7CD006A6A4C /* AppDelegate.m in Sources */ = {isa = PBXBuildFile; fileRef = BB51FCA42B6BE7CD006A6A4C /* AppDelegate.m */; };
		BB51FCA82B6BE7CD006A6A4C /* SceneDelegate.m in Sources */ = {isa = PBXBuildFile; fileRef = BB51FCA72B6BE7CD006A6A4C /* SceneDelegate.m */; };
		BB51FCAB2B6BE7CD006A6A4C /* CalculatorViewController.m in Sources */ = {isa = PBXBuildFile; fileRef = BB51FCAA2B6BE7CD006A6A4C /* CalculatorViewController.m */; };
		BB51FCAE2B6BE7CD006A6A4C /* Main.storyboard in Resources */ = {isa = PBXBuildFile; fileRef = BB51FCAC2B6BE7CD006A6A4C /* Main.storyboard */; };
		BB51FCB02B6BE7D0006A6A4C /* Assets.xcassets in Resources */ = {isa = PBXBuildFile; fileRef = BB51FCAF2B6BE7D0006A6A4C /* Assets.xcassets */; };
		BB51FCB32B6BE7D0006A6A4C /* LaunchScreen.storyboard in Resources */ = {isa = PBXBuildFile; fileRef = BB51FCB12B6BE7D0006A6A4C /* LaunchScreen.storyboard */; };
		BB51FCB62B6BE7D0006A6A4C /* main.m in Sources */ = {isa = PBXBuildFile; fileRef = BB51FCB52B6BE7D0006A6A4C /* main.m */; };
		BB51FCC12B6D4047006A6A4C /* CalculatorEnums.m in Sources */ = {isa = PBXBuildFile; fileRef = BB51FCC02B6D4047006A6A4C /* CalculatorEnums.m */; };
		BB51FCC52B7151A0006A6A4C /* CalculatorViewModel.m in Sources */ = {isa = PBXBuildFile; fileRef = BB51FCC42B7151A0006A6A4C /* CalculatorViewModel.m */; };
		BB51FCC92B727030006A6A4C /* NSString+Extensions.m in Sources */ = {isa = PBXBuildFile; fileRef = BB51FCC82B727030006A6A4C /* NSString+Extensions.m */; };
		BB51FCCC2B727CB7006A6A4C /* NSNumber+Extensions.m in Sources */ = {isa = PBXBuildFile; fileRef = BB51FCCB2B727CB7006A6A4C /* NSNumber+Extensions.m */; };
		BB51FCCF2B729928006A6A4C /* UIImage+Resize.m in Sources */ = {isa = PBXBuildFile; fileRef = BB51FCCE2B729928006A6A4C /* UIImage+Resize.m */; };
		BB51FCD22B73C9AE006A6A4C /* UIButton+Highlight.m in Sources */ = {isa = PBXBuildFile; fileRef = BB51FCD12B73C9AE006A6A4C /* UIButton+Highlight.m */; };
/* End PBXBuildFile section */

/* Begin PBXFileReference section */
		BB51FCA02B6BE7CD006A6A4C /* ObjectiveCCalculator.app */ = {isa = PBXFileReference; explicitFileType = wrapper.application; includeInIndex = 0; path = ObjectiveCCalculator.app; sourceTree = BUILT_PRODUCTS_DIR; };
		BB51FCA32B6BE7CD006A6A4C /* AppDelegate.h */ = {isa = PBXFileReference; lastKnownFileType = sourcecode.c.h; path = AppDelegate.h; sourceTree = "<group>"; };
		BB51FCA42B6BE7CD006A6A4C /* AppDelegate.m */ = {isa = PBXFileReference; lastKnownFileType = sourcecode.c.objc; path = AppDelegate.m; sourceTree = "<group>"; };
		BB51FCA62B6BE7CD006A6A4C /* SceneDelegate.h */ = {isa = PBXFileReference; lastKnownFileType = sourcecode.c.h; path = SceneDelegate.h; sourceTree = "<group>"; };
		BB51FCA72B6BE7CD006A6A4C /* SceneDelegate.m */ = {isa = PBXFileReference; lastKnownFileType = sourcecode.c.objc; path = SceneDelegate.m; sourceTree = "<group>"; };
		BB51FCA92B6BE7CD006A6A4C /* CalculatorViewController.h */ = {isa = PBXFileReference; lastKnownFileType = sourcecode.c.h; path = CalculatorViewController.h; sourceTree = "<group>"; };
		BB51FCAA2B6BE7CD006A6A4C /* CalculatorViewController.m */ = {isa = PBXFileReference; lastKnownFileType = sourcecode.c.objc; path = CalculatorViewController.m; sourceTree = "<group>"; };
		BB51FCAD2B6BE7CD006A6A4C /* Base */ = {isa = PBXFileReference; lastKnownFileType = file.storyboard; name = Base; path = Base.lproj/Main.storyboard; sourceTree = "<group>"; };
		BB51FCAF2B6BE7D0006A6A4C /* Assets.xcassets */ = {isa = PBXFileReference; lastKnownFileType = folder.assetcatalog; path = Assets.xcassets; sourceTree = "<group>"; };
		BB51FCB22B6BE7D0006A6A4C /* Base */ = {isa = PBXFileReference; lastKnownFileType = file.storyboard; name = Base; path = Base.lproj/LaunchScreen.storyboard; sourceTree = "<group>"; };
		BB51FCB42B6BE7D0006A6A4C /* Info.plist */ = {isa = PBXFileReference; lastKnownFileType = text.plist.xml; path = Info.plist; sourceTree = "<group>"; };
		BB51FCB52B6BE7D0006A6A4C /* main.m */ = {isa = PBXFileReference; lastKnownFileType = sourcecode.c.objc; path = main.m; sourceTree = "<group>"; };
		BB51FCBF2B6D3E08006A6A4C /* CalculatorEnums.h */ = {isa = PBXFileReference; lastKnownFileType = sourcecode.c.h; path = CalculatorEnums.h; sourceTree = "<group>"; };
		BB51FCC02B6D4047006A6A4C /* CalculatorEnums.m */ = {isa = PBXFileReference; lastKnownFileType = sourcecode.c.objc; path = CalculatorEnums.m; sourceTree = "<group>"; };
		BB51FCC32B715110006A6A4C /* CalculatorViewModel.h */ = {isa = PBXFileReference; lastKnownFileType = sourcecode.c.h; path = CalculatorViewModel.h; sourceTree = "<group>"; };
		BB51FCC42B7151A0006A6A4C /* CalculatorViewModel.m */ = {isa = PBXFileReference; lastKnownFileType = sourcecode.c.objc; path = CalculatorViewModel.m; sourceTree = "<group>"; };
		BB51FCC72B726FC9006A6A4C /* NSString+Extensions.h */ = {isa = PBXFileReference; lastKnownFileType = sourcecode.c.h; path = "NSString+Extensions.h"; sourceTree = "<group>"; };
		BB51FCC82B727030006A6A4C /* NSString+Extensions.m */ = {isa = PBXFileReference; lastKnownFileType = sourcecode.c.objc; path = "NSString+Extensions.m"; sourceTree = "<group>"; };
		BB51FCCA2B727C95006A6A4C /* NSNumber+Extensions.h */ = {isa = PBXFileReference; lastKnownFileType = sourcecode.c.h; path = "NSNumber+Extensions.h"; sourceTree = "<group>"; };
		BB51FCCB2B727CB7006A6A4C /* NSNumber+Extensions.m */ = {isa = PBXFileReference; lastKnownFileType = sourcecode.c.objc; path = "NSNumber+Extensions.m"; sourceTree = "<group>"; };
		BB51FCCD2B72991B006A6A4C /* UIImage+Resize.h */ = {isa = PBXFileReference; lastKnownFileType = sourcecode.c.h; path = "UIImage+Resize.h"; sourceTree = "<group>"; };
		BB51FCCE2B729928006A6A4C /* UIImage+Resize.m */ = {isa = PBXFileReference; lastKnownFileType = sourcecode.c.objc; path = "UIImage+Resize.m"; sourceTree = "<group>"; };
		BB51FCD02B73C81E006A6A4C /* UIButton+Highlight.h */ = {isa = PBXFileReference; lastKnownFileType = sourcecode.c.h; path = "UIButton+Highlight.h"; sourceTree = "<group>"; };
		BB51FCD12B73C9AE006A6A4C /* UIButton+Highlight.m */ = {isa = PBXFileReference; lastKnownFileType = sourcecode.c.objc; path = "UIButton+Highlight.m"; sourceTree = "<group>"; };
/* End PBXFileReference section */

/* Begin PBXFrameworksBuildPhase section */
		BB51FC9D2B6BE7CD006A6A4C /* Frameworks */ = {
			isa = PBXFrameworksBuildPhase;
			buildActionMask = 2147483647;
			files = (
			);
			runOnlyForDeploymentPostprocessing = 0;
		};
/* End PBXFrameworksBuildPhase section */

/* Begin PBXGroup section */
		BB51FC972B6BE7CD006A6A4C = {
			isa = PBXGroup;
			children = (
				BB51FCA22B6BE7CD006A6A4C /* ObjectiveCCalculator */,
				BB51FCA12B6BE7CD006A6A4C /* Products */,
			);
			sourceTree = "<group>";
		};
		BB51FCA12B6BE7CD006A6A4C /* Products */ = {
			isa = PBXGroup;
			children = (
				BB51FCA02B6BE7CD006A6A4C /* ObjectiveCCalculator.app */,
			);
			name = Products;
			sourceTree = "<group>";
		};
		BB51FCA22B6BE7CD006A6A4C /* ObjectiveCCalculator */ = {
			isa = PBXGroup;
			children = (
				BB51FCC62B726FAD006A6A4C /* Extensions */,
				BB51FCC22B6D6212006A6A4C /* ViewModels */,
				BB51FCBC2B6D39D0006A6A4C /* Enums */,
				BB51FCA32B6BE7CD006A6A4C /* AppDelegate.h */,
				BB51FCA42B6BE7CD006A6A4C /* AppDelegate.m */,
				BB51FCA62B6BE7CD006A6A4C /* SceneDelegate.h */,
				BB51FCA72B6BE7CD006A6A4C /* SceneDelegate.m */,
				BB51FCA92B6BE7CD006A6A4C /* CalculatorViewController.h */,
				BB51FCAA2B6BE7CD006A6A4C /* CalculatorViewController.m */,
				BB51FCAC2B6BE7CD006A6A4C /* Main.storyboard */,
				BB51FCAF2B6BE7D0006A6A4C /* Assets.xcassets */,
				BB51FCB12B6BE7D0006A6A4C /* LaunchScreen.storyboard */,
				BB51FCB42B6BE7D0006A6A4C /* Info.plist */,
				BB51FCB52B6BE7D0006A6A4C /* main.m */,
			);
			path = ObjectiveCCalculator;
			sourceTree = "<group>";
		};
		BB51FCBC2B6D39D0006A6A4C /* Enums */ = {
			isa = PBXGroup;
			children = (
				BB51FCBF2B6D3E08006A6A4C /* CalculatorEnums.h */,
				BB51FCC02B6D4047006A6A4C /* CalculatorEnums.m */,
			);
			path = Enums;
			sourceTree = "<group>";
		};
		BB51FCC22B6D6212006A6A4C /* ViewModels */ = {
			isa = PBXGroup;
			children = (
				BB51FCC32B715110006A6A4C /* CalculatorViewModel.h */,
				BB51FCC42B7151A0006A6A4C /* CalculatorViewModel.m */,
			);
			path = ViewModels;
			sourceTree = "<group>";
		};
		BB51FCC62B726FAD006A6A4C /* Extensions */ = {
			isa = PBXGroup;
			children = (
				BB51FCC72B726FC9006A6A4C /* NSString+Extensions.h */,
				BB51FCC82B727030006A6A4C /* NSString+Extensions.m */,
				BB51FCCA2B727C95006A6A4C /* NSNumber+Extensions.h */,
				BB51FCCB2B727CB7006A6A4C /* NSNumber+Extensions.m */,
				BB51FCCD2B72991B006A6A4C /* UIImage+Resize.h */,
				BB51FCCE2B729928006A6A4C /* UIImage+Resize.m */,
				BB51FCD02B73C81E006A6A4C /* UIButton+Highlight.h */,
				BB51FCD12B73C9AE006A6A4C /* UIButton+Highlight.m */,
			);
			path = Extensions;
			sourceTree = "<group>";
		};
/* End PBXGroup section */

/* Begin PBXNativeTarget section */
		BB51FC9F2B6BE7CD006A6A4C /* ObjectiveCCalculator */ = {
			isa = PBXNativeTarget;
			buildConfigurationList = BB51FCB92B6BE7D0006A6A4C /* Build configuration list for PBXNativeTarget "ObjectiveCCalculator" */;
			buildPhases = (
				BB51FC9C2B6BE7CD006A6A4C /* Sources */,
				BB51FC9D2B6BE7CD006A6A4C /* Frameworks */,
				BB51FC9E2B6BE7CD006A6A4C /* Resources */,
			);
			buildRules = (
			);
			dependencies = (
			);
			name = ObjectiveCCalculator;
			productName = ObjectiveCCalculator;
			productReference = BB51FCA02B6BE7CD006A6A4C /* ObjectiveCCalculator.app */;
			productType = "com.apple.product-type.application";
		};
/* End PBXNativeTarget section */

/* Begin PBXProject section */
		BB51FC982B6BE7CD006A6A4C /* Project object */ = {
			isa = PBXProject;
			attributes = {
				BuildIndependentTargetsInParallel = 1;
				LastUpgradeCheck = 1520;
				TargetAttributes = {
					BB51FC9F2B6BE7CD006A6A4C = {
						CreatedOnToolsVersion = 15.2;
					};
				};
			};
			buildConfigurationList = BB51FC9B2B6BE7CD006A6A4C /* Build configuration list for PBXProject "ObjectiveCCalculator" */;
			compatibilityVersion = "Xcode 14.0";
			developmentRegion = en;
			hasScannedForEncodings = 0;
			knownRegions = (
				en,
				Base,
			);
			mainGroup = BB51FC972B6BE7CD006A6A4C;
			productRefGroup = BB51FCA12B6BE7CD006A6A4C /* Products */;
			projectDirPath = "";
			projectRoot = "";
			targets = (
				BB51FC9F2B6BE7CD006A6A4C /* ObjectiveCCalculator */,
			);
		};
/* End PBXProject section */

/* Begin PBXResourcesBuildPhase section */
		BB51FC9E2B6BE7CD006A6A4C /* Resources */ = {
			isa = PBXResourcesBuildPhase;
			buildActionMask = 2147483647;
			files = (
				BB51FCB32B6BE7D0006A6A4C /* LaunchScreen.storyboard in Resources */,
				BB51FCB02B6BE7D0006A6A4C /* Assets.xcassets in Resources */,
				BB51FCAE2B6BE7CD006A6A4C /* Main.storyboard in Resources */,
			);
			runOnlyForDeploymentPostprocessing = 0;
		};
/* End PBXResourcesBuildPhase section */

/* Begin PBXSourcesBuildPhase section */
		BB51FC9C2B6BE7CD006A6A4C /* Sources */ = {
			isa = PBXSourcesBuildPhase;
			buildActionMask = 2147483647;
			files = (
				BB51FCCC2B727CB7006A6A4C /* NSNumber+Extensions.m in Sources */,
				BB51FCC52B7151A0006A6A4C /* CalculatorViewModel.m in Sources */,
				BB51FCAB2B6BE7CD006A6A4C /* CalculatorViewController.m in Sources */,
				BB51FCC92B727030006A6A4C /* NSString+Extensions.m in Sources */,
				BB51FCA52B6BE7CD006A6A4C /* AppDelegate.m in Sources */,
				BB51FCCF2B729928006A6A4C /* UIImage+Resize.m in Sources */,
				BB51FCD22B73C9AE006A6A4C /* UIButton+Highlight.m in Sources */,
				BB51FCB62B6BE7D0006A6A4C /* main.m in Sources */,
				BB51FCA82B6BE7CD006A6A4C /* SceneDelegate.m in Sources */,
				BB51FCC12B6D4047006A6A4C /* CalculatorEnums.m in Sources */,
			);
			runOnlyForDeploymentPostprocessing = 0;
		};
/* End PBXSourcesBuildPhase section */

/* Begin PBXVariantGroup section */
		BB51FCAC2B6BE7CD006A6A4C /* Main.storyboard */ = {
			isa = PBXVariantGroup;
			children = (
				BB51FCAD2B6BE7CD006A6A4C /* Base */,
			);
			name = Main.storyboard;
			sourceTree = "<group>";
		};
		BB51FCB12B6BE7D0006A6A4C /* LaunchScreen.storyboard */ = {
			isa = PBXVariantGroup;
			children = (
				BB51FCB22B6BE7D0006A6A4C /* Base */,
			);
			name = LaunchScreen.storyboard;
			sourceTree = "<group>";
		};
/* End PBXVariantGroup section */

/* Begin XCBuildConfiguration section */
		BB51FCB72B6BE7D0006A6A4C /* Debug */ = {
			isa = XCBuildConfiguration;
			buildSettings = {
				ALWAYS_SEARCH_USER_PATHS = NO;
				ASSETCATALOG_COMPILER_GENERATE_SWIFT_ASSET_SYMBOL_EXTENSIONS = YES;
				CLANG_ANALYZER_NONNULL = YES;
				CLANG_ANALYZER_NUMBER_OBJECT_CONVERSION = YES_AGGRESSIVE;
				CLANG_CXX_LANGUAGE_STANDARD = "gnu++20";
				CLANG_ENABLE_MODULES = YES;
				CLANG_ENABLE_OBJC_ARC = YES;
				CLANG_ENABLE_OBJC_WEAK = YES;
				CLANG_WARN_BLOCK_CAPTURE_AUTORELEASING = YES;
				CLANG_WARN_BOOL_CONVERSION = YES;
				CLANG_WARN_COMMA = YES;
				CLANG_WARN_CONSTANT_CONVERSION = YES;
				CLANG_WARN_DEPRECATED_OBJC_IMPLEMENTATIONS = YES;
				CLANG_WARN_DIRECT_OBJC_ISA_USAGE = YES_ERROR;
				CLANG_WARN_DOCUMENTATION_COMMENTS = YES;
				CLANG_WARN_EMPTY_BODY = YES;
				CLANG_WARN_ENUM_CONVERSION = YES;
				CLANG_WARN_INFINITE_RECURSION = YES;
				CLANG_WARN_INT_CONVERSION = YES;
				CLANG_WARN_NON_LITERAL_NULL_CONVERSION = YES;
				CLANG_WARN_OBJC_IMPLICIT_RETAIN_SELF = YES;
				CLANG_WARN_OBJC_LITERAL_CONVERSION = YES;
				CLANG_WARN_OBJC_ROOT_CLASS = YES_ERROR;
				CLANG_WARN_QUOTED_INCLUDE_IN_FRAMEWORK_HEADER = YES;
				CLANG_WARN_RANGE_LOOP_ANALYSIS = YES;
				CLANG_WARN_STRICT_PROTOTYPES = YES;
				CLANG_WARN_SUSPICIOUS_MOVE = YES;
				CLANG_WARN_UNGUARDED_AVAILABILITY = YES_AGGRESSIVE;
				CLANG_WARN_UNREACHABLE_CODE = YES;
				CLANG_WARN__DUPLICATE_METHOD_MATCH = YES;
				COPY_PHASE_STRIP = NO;
				DEBUG_INFORMATION_FORMAT = dwarf;
				ENABLE_STRICT_OBJC_MSGSEND = YES;
				ENABLE_TESTABILITY = YES;
				ENABLE_USER_SCRIPT_SANDBOXING = YES;
				GCC_C_LANGUAGE_STANDARD = gnu17;
				GCC_DYNAMIC_NO_PIC = NO;
				GCC_NO_COMMON_BLOCKS = YES;
				GCC_OPTIMIZATION_LEVEL = 0;
				GCC_PREPROCESSOR_DEFINITIONS = (
					"DEBUG=1",
					"$(inherited)",
				);
				GCC_WARN_64_TO_32_BIT_CONVERSION = YES;
				GCC_WARN_ABOUT_RETURN_TYPE = YES_ERROR;
				GCC_WARN_UNDECLARED_SELECTOR = YES;
				GCC_WARN_UNINITIALIZED_AUTOS = YES_AGGRESSIVE;
				GCC_WARN_UNUSED_FUNCTION = YES;
				GCC_WARN_UNUSED_VARIABLE = YES;
				IPHONEOS_DEPLOYMENT_TARGET = 17.2;
				LOCALIZATION_PREFERS_STRING_CATALOGS = YES;
				MTL_ENABLE_DEBUG_INFO = INCLUDE_SOURCE;
				MTL_FAST_MATH = YES;
				ONLY_ACTIVE_ARCH = YES;
				SDKROOT = iphoneos;
			};
			name = Debug;
		};
		BB51FCB82B6BE7D0006A6A4C /* Release */ = {
			isa = XCBuildConfiguration;
			buildSettings = {
				ALWAYS_SEARCH_USER_PATHS = NO;
				ASSETCATALOG_COMPILER_GENERATE_SWIFT_ASSET_SYMBOL_EXTENSIONS = YES;
				CLANG_ANALYZER_NONNULL = YES;
				CLANG_ANALYZER_NUMBER_OBJECT_CONVERSION = YES_AGGRESSIVE;
				CLANG_CXX_LANGUAGE_STANDARD = "gnu++20";
				CLANG_ENABLE_MODULES = YES;
				CLANG_ENABLE_OBJC_ARC = YES;
				CLANG_ENABLE_OBJC_WEAK = YES;
				CLANG_WARN_BLOCK_CAPTURE_AUTORELEASING = YES;
				CLANG_WARN_BOOL_CONVERSION = YES;
				CLANG_WARN_COMMA = YES;
				CLANG_WARN_CONSTANT_CONVERSION = YES;
				CLANG_WARN_DEPRECATED_OBJC_IMPLEMENTATIONS = YES;
				CLANG_WARN_DIRECT_OBJC_ISA_USAGE = YES_ERROR;
				CLANG_WARN_DOCUMENTATION_COMMENTS = YES;
				CLANG_WARN_EMPTY_BODY = YES;
				CLANG_WARN_ENUM_CONVERSION = YES;
				CLANG_WARN_INFINITE_RECURSION = YES;
				CLANG_WARN_INT_CONVERSION = YES;
				CLANG_WARN_NON_LITERAL_NULL_CONVERSION = YES;
				CLANG_WARN_OBJC_IMPLICIT_RETAIN_SELF = YES;
				CLANG_WARN_OBJC_LITERAL_CONVERSION = YES;
				CLANG_WARN_OBJC_ROOT_CLASS = YES_ERROR;
				CLANG_WARN_QUOTED_INCLUDE_IN_FRAMEWORK_HEADER = YES;
				CLANG_WARN_RANGE_LOOP_ANALYSIS = YES;
				CLANG_WARN_STRICT_PROTOTYPES = YES;
				CLANG_WARN_SUSPICIOUS_MOVE = YES;
				CLANG_WARN_UNGUARDED_AVAILABILITY = YES_AGGRESSIVE;
				CLANG_WARN_UNREACHABLE_CODE = YES;
				CLANG_WARN__DUPLICATE_METHOD_MATCH = YES;
				COPY_PHASE_STRIP = NO;
				DEBUG_INFORMATION_FORMAT = "dwarf-with-dsym";
				ENABLE_NS_ASSERTIONS = NO;
				ENABLE_STRICT_OBJC_MSGSEND = YES;
				ENABLE_USER_SCRIPT_SANDBOXING = YES;
				GCC_C_LANGUAGE_STANDARD = gnu17;
				GCC_NO_COMMON_BLOCKS = YES;
				GCC_WARN_64_TO_32_BIT_CONVERSION = YES;
				GCC_WARN_ABOUT_RETURN_TYPE = YES_ERROR;
				GCC_WARN_UNDECLARED_SELECTOR = YES;
				GCC_WARN_UNINITIALIZED_AUTOS = YES_AGGRESSIVE;
				GCC_WARN_UNUSED_FUNCTION = YES;
				GCC_WARN_UNUSED_VARIABLE = YES;
				IPHONEOS_DEPLOYMENT_TARGET = 17.2;
				LOCALIZATION_PREFERS_STRING_CATALOGS = YES;
				MTL_ENABLE_DEBUG_INFO = NO;
				MTL_FAST_MATH = YES;
				SDKROOT = iphoneos;
				VALIDATE_PRODUCT = YES;
			};
			name = Release;
		};
		BB51FCBA2B6BE7D0006A6A4C /* Debug */ = {
			isa = XCBuildConfiguration;
			buildSettings = {
				ASSETCATALOG_COMPILER_APPICON_NAME = AppIcon;
				ASSETCATALOG_COMPILER_GLOBAL_ACCENT_COLOR_NAME = AccentColor;
				CODE_SIGN_STYLE = Automatic;
				CURRENT_PROJECT_VERSION = 1;
				DEVELOPMENT_TEAM = FVEGF5DQ7U;
				GENERATE_INFOPLIST_FILE = YES;
				INFOPLIST_FILE = ObjectiveCCalculator/Info.plist;
				INFOPLIST_KEY_LSApplicationCategoryType = "public.app-category.utilities";
				INFOPLIST_KEY_UIApplicationSupportsIndirectInputEvents = YES;
				INFOPLIST_KEY_UILaunchStoryboardName = LaunchScreen;
				INFOPLIST_KEY_UISupportedInterfaceOrientations = UIInterfaceOrientationPortrait;
				LD_RUNPATH_SEARCH_PATHS = (
					"$(inherited)",
					"@executable_path/Frameworks",
				);
				MARKETING_VERSION = 1.0;
				PRODUCT_BUNDLE_IDENTIFIER = sugurutokuda.ObjectiveCCalculator;
				PRODUCT_NAME = "$(TARGET_NAME)";
				SUPPORTED_PLATFORMS = "iphoneos iphonesimulator";
				SUPPORTS_MACCATALYST = NO;
				SUPPORTS_MAC_DESIGNED_FOR_IPHONE_IPAD = NO;
				SWIFT_EMIT_LOC_STRINGS = YES;
				TARGETED_DEVICE_FAMILY = 1;
			};
			name = Debug;
		};
		BB51FCBB2B6BE7D0006A6A4C /* Release */ = {
			isa = XCBuildConfiguration;
			buildSettings = {
				ASSETCATALOG_COMPILER_APPICON_NAME = AppIcon;
				ASSETCATALOG_COMPILER_GLOBAL_ACCENT_COLOR_NAME = AccentColor;
				CODE_SIGN_STYLE = Automatic;
				CURRENT_PROJECT_VERSION = 1;
				DEVELOPMENT_TEAM = FVEGF5DQ7U;
				GENERATE_INFOPLIST_FILE = YES;
				INFOPLIST_FILE = ObjectiveCCalculator/Info.plist;
				INFOPLIST_KEY_LSApplicationCategoryType = "public.app-category.utilities";
				INFOPLIST_KEY_UIApplicationSupportsIndirectInputEvents = YES;
				INFOPLIST_KEY_UILaunchStoryboardName = LaunchScreen;
				INFOPLIST_KEY_UISupportedInterfaceOrientations = UIInterfaceOrientationPortrait;
				LD_RUNPATH_SEARCH_PATHS = (
					"$(inherited)",
					"@executable_path/Frameworks",
				);
				MARKETING_VERSION = 1.0;
				PRODUCT_BUNDLE_IDENTIFIER = sugurutokuda.ObjectiveCCalculator;
				PRODUCT_NAME = "$(TARGET_NAME)";
				SUPPORTED_PLATFORMS = "iphoneos iphonesimulator";
				SUPPORTS_MACCATALYST = NO;
				SUPPORTS_MAC_DESIGNED_FOR_IPHONE_IPAD = NO;
				SWIFT_EMIT_LOC_STRINGS = YES;
				TARGETED_DEVICE_FAMILY = 1;
			};
			name = Release;
		};
/* End XCBuildConfiguration section */

/* Begin XCConfigurationList section */
		BB51FC9B2B6BE7CD006A6A4C /* Build configuration list for PBXProject "ObjectiveCCalculator" */ = {
			isa = XCConfigurationList;
			buildConfigurations = (
				BB51FCB72B6BE7D0006A6A4C /* Debug */,
				BB51FCB82B6BE7D0006A6A4C /* Release */,
			);
			defaultConfigurationIsVisible = 0;
			defaultConfigurationName = Release;
		};
		BB51FCB92B6BE7D0006A6A4C /* Build configuration list for PBXNativeTarget "ObjectiveCCalculator" */ = {
			isa = XCConfigurationList;
			buildConfigurations = (
				BB51FCBA2B6BE7D0006A6A4C /* Debug */,
				BB51FCBB2B6BE7D0006A6A4C /* Release */,
			);
			defaultConfigurationIsVisible = 0;
			defaultConfigurationName = Release;
		};
/* End XCConfigurationList section */
	};
	rootObject = BB51FC982B6BE7CD006A6A4C /* Project object */;
}
